
Microsoft Visual Studio Solution File, Format Version 12.00
# Visual Studio 15
VisualStudioVersion = 15.0.28307.421
MinimumVisualStudioVersion = 10.0.40219.1
Project("{FAE04EC0-301F-11D3-BF4B-00C04F79EFBC}") = "PlanetsLINQ", "PlanetsLINQ\PlanetsLINQ.csproj", "{D457139A-AFB4-48CE-9F78-F2660A37B62E}"
EndProject
Global
	GlobalSection(SolutionConfigurationPlatforms) = preSolution
		Debug|Any CPU = Debug|Any CPU
		Release|Any CPU = Release|Any CPU
	EndGlobalSection
	GlobalSection(ProjectConfigurationPlatforms) = postSolution
		{D457139A-AFB4-48CE-9F78-F2660A37B62E}.Debug|Any CPU.ActiveCfg = Debug|Any CPU
		{D457139A-AFB4-48CE-9F78-F2660A37B62E}.Debug|Any CPU.Build.0 = Debug|Any CPU
		{D457139A-AFB4-48CE-9F78-F2660A37B62E}.Release|Any CPU.ActiveCfg = Release|Any CPU
		{D457139A-AFB4-48CE-9F78-F2660A37B62E}.Release|Any CPU.Build.0 = Release|Any CPU
	EndGlobalSection
	GlobalSection(SolutionProperties) = preSolution
		HideSolutionNode = FALSE
	EndGlobalSection
	GlobalSection(ExtensibilityGlobals) = postSolution
		SolutionGuid = {22F4B2F0-1A6A-404F-82C6-1D43962AFF17}
	EndGlobalSection
EndGlobal
